
Microsoft Visual Studio Solution File, Format Version 12.00
# Visual Studio Version 16
VisualStudioVersion = 16.0.808.8
MinimumVisualStudioVersion = 10.0.40219.1
Project("{FAE04EC0-301F-11D3-BF4B-00C04F79EFBC}") = "PushDemoAPI", "PushDemoAPI\PushDemoAPI.csproj", "{2D8F7B81-FF60-4497-AA08-27E6911AF75C}"
EndProject
Global
	GlobalSection(SolutionConfigurationPlatforms) = preSolution
		Debug|Any CPU = Debug|Any CPU
		Release|Any CPU = Release|Any CPU
	EndGlobalSection
	GlobalSection(ProjectConfigurationPlatforms) = postSolution
		{2D8F7B81-FF60-4497-AA08-27E6911AF75C}.Debug|Any CPU.ActiveCfg = Debug|Any CPU
		{2D8F7B81-FF60-4497-AA08-27E6911AF75C}.Debug|Any CPU.Build.0 = Debug|Any CPU
		{2D8F7B81-FF60-4497-AA08-27E6911AF75C}.Release|Any CPU.ActiveCfg = Release|Any CPU
		{2D8F7B81-FF60-4497-AA08-27E6911AF75C}.Release|Any CPU.Build.0 = Release|Any CPU
	EndGlobalSection
	GlobalSection(SolutionProperties) = preSolution
		HideSolutionNode = FALSE
	EndGlobalSection
	GlobalSection(ExtensibilityGlobals) = postSolution
		SolutionGuid = {9DE401CE-8A3A-4C93-9457-82D5D539D488}
	EndGlobalSection
EndGlobal
